
Microsoft Visual Studio Solution File, Format Version 12.00
# Visual Studio Version 16
VisualStudioVersion = 16.0.31702.278
MinimumVisualStudioVersion = 10.0.40219.1
Project("{FAE04EC0-301F-11D3-BF4B-00C04F79EFBC}") = "Variable exercise", "Variable exercise.csproj", "{40C5BEC2-CE31-4E02-9E38-341FCCA89F5D}"
EndProject
Global
	GlobalSection(SolutionConfigurationPlatforms) = preSolution
		Debug|Any CPU = Debug|Any CPU
		Release|Any CPU = Release|Any CPU
	EndGlobalSection
	GlobalSection(ProjectConfigurationPlatforms) = postSolution
		{40C5BEC2-CE31-4E02-9E38-341FCCA89F5D}.Debug|Any CPU.ActiveCfg = Debug|Any CPU
		{40C5BEC2-CE31-4E02-9E38-341FCCA89F5D}.Debug|Any CPU.Build.0 = Debug|Any CPU
		{40C5BEC2-CE31-4E02-9E38-341FCCA89F5D}.Release|Any CPU.ActiveCfg = Release|Any CPU
		{40C5BEC2-CE31-4E02-9E38-341FCCA89F5D}.Release|Any CPU.Build.0 = Release|Any CPU
	EndGlobalSection
	GlobalSection(SolutionProperties) = preSolution
		HideSolutionNode = FALSE
	EndGlobalSection
	GlobalSection(ExtensibilityGlobals) = postSolution
		SolutionGuid = {1CC7192A-448A-4855-B943-41ED397AA9F8}
	EndGlobalSection
EndGlobal
